// !$*UTF8*$!
{
	archiveVersion = 1;
	classes = {
	};
	objectVersion = 51;
	objects = {

/* Begin PBXBuildFile section */
		97B49C3C9161BCC2252E3B6B /* Pods_PikabuApp.framework in Frameworks */ = {isa = PBXBuildFile; fileRef = 18C096965E9921D1B30ED5B3 /* Pods_PikabuApp.framework */; };
		D44FC0BA257A421B008AD62C /* PikabuAppTests.swift in Sources */ = {isa = PBXBuildFile; fileRef = D44FC0B9257A421B008AD62C /* PikabuAppTests.swift */; };
		D44FC0C7257A6DAE008AD62C /* PostCell.swift in Sources */ = {isa = PBXBuildFile; fileRef = D44FC0C6257A6DAE008AD62C /* PostCell.swift */; };
		D492F5EB257BC510001FB222 /* Colors.swift in Sources */ = {isa = PBXBuildFile; fileRef = D492F5EA257BC510001FB222 /* Colors.swift */; };
		D492F5F1257BEF82001FB222 /* UIButton+Extension.swift in Sources */ = {isa = PBXBuildFile; fileRef = D492F5F0257BEF81001FB222 /* UIButton+Extension.swift */; };
		D4937DF82577B6A30073971B /* AppDelegate.swift in Sources */ = {isa = PBXBuildFile; fileRef = D4937DF72577B6A30073971B /* AppDelegate.swift */; };
		D4937DFC2577B6A30073971B /* FeedVC.swift in Sources */ = {isa = PBXBuildFile; fileRef = D4937DFB2577B6A30073971B /* FeedVC.swift */; };
		D4937E012577B6A40073971B /* Assets.xcassets in Resources */ = {isa = PBXBuildFile; fileRef = D4937E002577B6A40073971B /* Assets.xcassets */; };
		D4937E042577B6A40073971B /* LaunchScreen.storyboard in Resources */ = {isa = PBXBuildFile; fileRef = D4937E022577B6A40073971B /* LaunchScreen.storyboard */; };
		D4937E1025780E750073971B /* FeedVC+Layout.swift in Sources */ = {isa = PBXBuildFile; fileRef = D4937E0F25780E750073971B /* FeedVC+Layout.swift */; };
		D4937E12257815D90073971B /* TopBar.swift in Sources */ = {isa = PBXBuildFile; fileRef = D4937E11257815D90073971B /* TopBar.swift */; };
		D4937E17257841280073971B /* BarCell.swift in Sources */ = {isa = PBXBuildFile; fileRef = D4937E16257841280073971B /* BarCell.swift */; };
		D4937E26257865DA0073971B /* Post.swift in Sources */ = {isa = PBXBuildFile; fileRef = D4937E25257865DA0073971B /* Post.swift */; };
		D4937E29257869150073971B /* FeedViewModel.swift in Sources */ = {isa = PBXBuildFile; fileRef = D4937E28257869150073971B /* FeedViewModel.swift */; };
		D4937E2F257873270073971B /* Observable.swift in Sources */ = {isa = PBXBuildFile; fileRef = D4937E2E257873270073971B /* Observable.swift */; };
		D4937E31257879020073971B /* LocalStorageService.swift in Sources */ = {isa = PBXBuildFile; fileRef = D4937E30257879020073971B /* LocalStorageService.swift */; };
		D4937E3325787ABC0073971B /* FeedCell.swift in Sources */ = {isa = PBXBuildFile; fileRef = D4937E3225787ABC0073971B /* FeedCell.swift */; };
		D4B34679257D640300D796FC /* PostCell+Layout.swift in Sources */ = {isa = PBXBuildFile; fileRef = D4B34678257D640300D796FC /* PostCell+Layout.swift */; };
		D4BAB50F2579843600BF48A7 /* NetworkingService.swift in Sources */ = {isa = PBXBuildFile; fileRef = D4BAB50E2579843600BF48A7 /* NetworkingService.swift */; };
		D4C75EF4257D8F990056F3DC /* PostScreenViewModel.swift in Sources */ = {isa = PBXBuildFile; fileRef = D4C75EF3257D8F990056F3DC /* PostScreenViewModel.swift */; };
		D4C75EF6257D915E0056F3DC /* PostScreenVC.swift in Sources */ = {isa = PBXBuildFile; fileRef = D4C75EF5257D915E0056F3DC /* PostScreenVC.swift */; };
		D4C75EF8257D91AF0056F3DC /* PostScreen+Layout.swift in Sources */ = {isa = PBXBuildFile; fileRef = D4C75EF7257D91AF0056F3DC /* PostScreen+Layout.swift */; };
		D4C75EFA257D93010056F3DC /* PostImageCell.swift in Sources */ = {isa = PBXBuildFile; fileRef = D4C75EF9257D93010056F3DC /* PostImageCell.swift */; };
		D4C75EFD257D948E0056F3DC /* SaveButton.swift in Sources */ = {isa = PBXBuildFile; fileRef = D4C75EFC257D948E0056F3DC /* SaveButton.swift */; };
/* End PBXBuildFile section */

/* Begin PBXContainerItemProxy section */
		D44FC0BC257A421B008AD62C /* PBXContainerItemProxy */ = {
			isa = PBXContainerItemProxy;
			containerPortal = D4937DEC2577B6A30073971B /* Project object */;
			proxyType = 1;
			remoteGlobalIDString = D4937DF32577B6A30073971B;
			remoteInfo = PikabuApp;
		};
/* End PBXContainerItemProxy section */

/* Begin PBXFileReference section */
		18C096965E9921D1B30ED5B3 /* Pods_PikabuApp.framework */ = {isa = PBXFileReference; explicitFileType = wrapper.framework; includeInIndex = 0; path = Pods_PikabuApp.framework; sourceTree = BUILT_PRODUCTS_DIR; };
		8E6B1673D954E49B5D57C513 /* Pods-PikabuApp.release.xcconfig */ = {isa = PBXFileReference; includeInIndex = 1; lastKnownFileType = text.xcconfig; name = "Pods-PikabuApp.release.xcconfig"; path = "Target Support Files/Pods-PikabuApp/Pods-PikabuApp.release.xcconfig"; sourceTree = "<group>"; };
		D44FC0B7257A421B008AD62C /* PikabuAppTests.xctest */ = {isa = PBXFileReference; explicitFileType = wrapper.cfbundle; includeInIndex = 0; path = PikabuAppTests.xctest; sourceTree = BUILT_PRODUCTS_DIR; };
		D44FC0B9257A421B008AD62C /* PikabuAppTests.swift */ = {isa = PBXFileReference; lastKnownFileType = sourcecode.swift; path = PikabuAppTests.swift; sourceTree = "<group>"; };
		D44FC0BB257A421B008AD62C /* Info.plist */ = {isa = PBXFileReference; lastKnownFileType = text.plist.xml; path = Info.plist; sourceTree = "<group>"; };
		D44FC0C6257A6DAE008AD62C /* PostCell.swift */ = {isa = PBXFileReference; lastKnownFileType = sourcecode.swift; path = PostCell.swift; sourceTree = "<group>"; };
		D492F5EA257BC510001FB222 /* Colors.swift */ = {isa = PBXFileReference; lastKnownFileType = sourcecode.swift; path = Colors.swift; sourceTree = "<group>"; };
		D492F5F0257BEF81001FB222 /* UIButton+Extension.swift */ = {isa = PBXFileReference; fileEncoding = 4; lastKnownFileType = sourcecode.swift; path = "UIButton+Extension.swift"; sourceTree = "<group>"; };
		D4937DF42577B6A30073971B /* PikabuApp.app */ = {isa = PBXFileReference; explicitFileType = wrapper.application; includeInIndex = 0; path = PikabuApp.app; sourceTree = BUILT_PRODUCTS_DIR; };
		D4937DF72577B6A30073971B /* AppDelegate.swift */ = {isa = PBXFileReference; lastKnownFileType = sourcecode.swift; path = AppDelegate.swift; sourceTree = "<group>"; };
		D4937DFB2577B6A30073971B /* FeedVC.swift */ = {isa = PBXFileReference; lastKnownFileType = sourcecode.swift; path = FeedVC.swift; sourceTree = "<group>"; };
		D4937E002577B6A40073971B /* Assets.xcassets */ = {isa = PBXFileReference; lastKnownFileType = folder.assetcatalog; path = Assets.xcassets; sourceTree = "<group>"; };
		D4937E032577B6A40073971B /* Base */ = {isa = PBXFileReference; lastKnownFileType = file.storyboard; name = Base; path = Base.lproj/LaunchScreen.storyboard; sourceTree = "<group>"; };
		D4937E052577B6A40073971B /* Info.plist */ = {isa = PBXFileReference; lastKnownFileType = text.plist.xml; path = Info.plist; sourceTree = "<group>"; };
		D4937E0F25780E750073971B /* FeedVC+Layout.swift */ = {isa = PBXFileReference; lastKnownFileType = sourcecode.swift; path = "FeedVC+Layout.swift"; sourceTree = "<group>"; };
		D4937E11257815D90073971B /* TopBar.swift */ = {isa = PBXFileReference; lastKnownFileType = sourcecode.swift; path = TopBar.swift; sourceTree = "<group>"; };
		D4937E16257841280073971B /* BarCell.swift */ = {isa = PBXFileReference; lastKnownFileType = sourcecode.swift; path = BarCell.swift; sourceTree = "<group>"; };
		D4937E25257865DA0073971B /* Post.swift */ = {isa = PBXFileReference; lastKnownFileType = sourcecode.swift; path = Post.swift; sourceTree = "<group>"; };
		D4937E28257869150073971B /* FeedViewModel.swift */ = {isa = PBXFileReference; lastKnownFileType = sourcecode.swift; path = FeedViewModel.swift; sourceTree = "<group>"; };
		D4937E2E257873270073971B /* Observable.swift */ = {isa = PBXFileReference; lastKnownFileType = sourcecode.swift; path = Observable.swift; sourceTree = "<group>"; };
		D4937E30257879020073971B /* LocalStorageService.swift */ = {isa = PBXFileReference; lastKnownFileType = sourcecode.swift; path = LocalStorageService.swift; sourceTree = "<group>"; };
		D4937E3225787ABC0073971B /* FeedCell.swift */ = {isa = PBXFileReference; lastKnownFileType = sourcecode.swift; path = FeedCell.swift; sourceTree = "<group>"; };
		D4B34678257D640300D796FC /* PostCell+Layout.swift */ = {isa = PBXFileReference; lastKnownFileType = sourcecode.swift; path = "PostCell+Layout.swift"; sourceTree = "<group>"; };
		D4BAB50E2579843600BF48A7 /* NetworkingService.swift */ = {isa = PBXFileReference; lastKnownFileType = sourcecode.swift; path = NetworkingService.swift; sourceTree = "<group>"; };
		D4C75EF3257D8F990056F3DC /* PostScreenViewModel.swift */ = {isa = PBXFileReference; lastKnownFileType = sourcecode.swift; path = PostScreenViewModel.swift; sourceTree = "<group>"; };
		D4C75EF5257D915E0056F3DC /* PostScreenVC.swift */ = {isa = PBXFileReference; lastKnownFileType = sourcecode.swift; path = PostScreenVC.swift; sourceTree = "<group>"; };
		D4C75EF7257D91AF0056F3DC /* PostScreen+Layout.swift */ = {isa = PBXFileReference; lastKnownFileType = sourcecode.swift; path = "PostScreen+Layout.swift"; sourceTree = "<group>"; };
		D4C75EF9257D93010056F3DC /* PostImageCell.swift */ = {isa = PBXFileReference; lastKnownFileType = sourcecode.swift; path = PostImageCell.swift; sourceTree = "<group>"; };
		D4C75EFC257D948E0056F3DC /* SaveButton.swift */ = {isa = PBXFileReference; lastKnownFileType = sourcecode.swift; path = SaveButton.swift; sourceTree = "<group>"; };
		E5EC0E72B5B57639528B7497 /* Pods-PikabuApp.debug.xcconfig */ = {isa = PBXFileReference; includeInIndex = 1; lastKnownFileType = text.xcconfig; name = "Pods-PikabuApp.debug.xcconfig"; path = "Target Support Files/Pods-PikabuApp/Pods-PikabuApp.debug.xcconfig"; sourceTree = "<group>"; };
/* End PBXFileReference section */

/* Begin PBXFrameworksBuildPhase section */
		D44FC0B4257A421B008AD62C /* Frameworks */ = {
			isa = PBXFrameworksBuildPhase;
			buildActionMask = 2147483647;
			files = (
			);
			runOnlyForDeploymentPostprocessing = 0;
		};
		D4937DF12577B6A30073971B /* Frameworks */ = {
			isa = PBXFrameworksBuildPhase;
			buildActionMask = 2147483647;
			files = (
				97B49C3C9161BCC2252E3B6B /* Pods_PikabuApp.framework in Frameworks */,
			);
			runOnlyForDeploymentPostprocessing = 0;
		};
/* End PBXFrameworksBuildPhase section */

/* Begin PBXGroup section */
		334BA4EFE3C4DB6CD8E523E4 /* Frameworks */ = {
			isa = PBXGroup;
			children = (
				18C096965E9921D1B30ED5B3 /* Pods_PikabuApp.framework */,
			);
			name = Frameworks;
			sourceTree = "<group>";
		};
		A130480E12670E775DE4F88D /* Pods */ = {
			isa = PBXGroup;
			children = (
				E5EC0E72B5B57639528B7497 /* Pods-PikabuApp.debug.xcconfig */,
				8E6B1673D954E49B5D57C513 /* Pods-PikabuApp.release.xcconfig */,
			);
			path = Pods;
			sourceTree = "<group>";
		};
		D44FC0B8257A421B008AD62C /* PikabuAppTests */ = {
			isa = PBXGroup;
			children = (
				D44FC0B9257A421B008AD62C /* PikabuAppTests.swift */,
				D44FC0BB257A421B008AD62C /* Info.plist */,
			);
			path = PikabuAppTests;
			sourceTree = "<group>";
		};
		D44FC0C5257A6D85008AD62C /* FeedCollectionView */ = {
			isa = PBXGroup;
			children = (
				D4937E3225787ABC0073971B /* FeedCell.swift */,
				D44FC0C6257A6DAE008AD62C /* PostCell.swift */,
				D4B34678257D640300D796FC /* PostCell+Layout.swift */,
				D4C75EF9257D93010056F3DC /* PostImageCell.swift */,
			);
			path = FeedCollectionView;
			sourceTree = "<group>";
		};
		D492F5EF257BEF81001FB222 /* Extensions */ = {
			isa = PBXGroup;
			children = (
				D492F5F0257BEF81001FB222 /* UIButton+Extension.swift */,
			);
			path = Extensions;
			sourceTree = "<group>";
		};
		D4937DEB2577B6A30073971B = {
			isa = PBXGroup;
			children = (
				D4937DF62577B6A30073971B /* PikabuApp */,
				D44FC0B8257A421B008AD62C /* PikabuAppTests */,
				D4937DF52577B6A30073971B /* Products */,
				A130480E12670E775DE4F88D /* Pods */,
				334BA4EFE3C4DB6CD8E523E4 /* Frameworks */,
			);
			sourceTree = "<group>";
		};
		D4937DF52577B6A30073971B /* Products */ = {
			isa = PBXGroup;
			children = (
				D4937DF42577B6A30073971B /* PikabuApp.app */,
				D44FC0B7257A421B008AD62C /* PikabuAppTests.xctest */,
			);
			name = Products;
			sourceTree = "<group>";
		};
		D4937DF62577B6A30073971B /* PikabuApp */ = {
			isa = PBXGroup;
			children = (
				D4937E2D257872FD0073971B /* Common */,
				D4937E21257862A90073971B /* Application */,
				D4937E2A25786F380073971B /* Services */,
				D4C75EF0257D8F630056F3DC /* PostScreen */,
				D4937E22257862B60073971B /* FeedScreen */,
				D4937E0B2577C5790073971B /* Model */,
				D4C75EFB257D94400056F3DC /* View */,
				D4937E202578618B0073971B /* Resources */,
			);
			path = PikabuApp;
			sourceTree = "<group>";
		};
		D4937E0B2577C5790073971B /* Model */ = {
			isa = PBXGroup;
			children = (
				D4937E25257865DA0073971B /* Post.swift */,
			);
			path = Model;
			sourceTree = "<group>";
		};
		D4937E13257840AC0073971B /* TopBar */ = {
			isa = PBXGroup;
			children = (
				D4937E11257815D90073971B /* TopBar.swift */,
				D4937E16257841280073971B /* BarCell.swift */,
			);
			path = TopBar;
			sourceTree = "<group>";
		};
		D4937E202578618B0073971B /* Resources */ = {
			isa = PBXGroup;
			children = (
				D4937E002577B6A40073971B /* Assets.xcassets */,
				D4937E052577B6A40073971B /* Info.plist */,
				D4937E022577B6A40073971B /* LaunchScreen.storyboard */,
			);
			path = Resources;
			sourceTree = "<group>";
		};
		D4937E21257862A90073971B /* Application */ = {
			isa = PBXGroup;
			children = (
				D4937DF72577B6A30073971B /* AppDelegate.swift */,
			);
			path = Application;
			sourceTree = "<group>";
		};
		D4937E22257862B60073971B /* FeedScreen */ = {
			isa = PBXGroup;
			children = (
				D4937E27257866F60073971B /* ViewModel */,
				D4937E24257865AA0073971B /* View */,
			);
			path = FeedScreen;
			sourceTree = "<group>";
		};
		D4937E24257865AA0073971B /* View */ = {
			isa = PBXGroup;
			children = (
				D4937E13257840AC0073971B /* TopBar */,
				D44FC0C5257A6D85008AD62C /* FeedCollectionView */,
				D4937DFB2577B6A30073971B /* FeedVC.swift */,
				D4937E0F25780E750073971B /* FeedVC+Layout.swift */,
			);
			path = View;
			sourceTree = "<group>";
		};
		D4937E27257866F60073971B /* ViewModel */ = {
			isa = PBXGroup;
			children = (
				D4937E28257869150073971B /* FeedViewModel.swift */,
			);
			path = ViewModel;
			sourceTree = "<group>";
		};
		D4937E2A25786F380073971B /* Services */ = {
			isa = PBXGroup;
			children = (
				D4937E30257879020073971B /* LocalStorageService.swift */,
				D4BAB50E2579843600BF48A7 /* NetworkingService.swift */,
			);
			path = Services;
			sourceTree = "<group>";
		};
		D4937E2D257872FD0073971B /* Common */ = {
			isa = PBXGroup;
			children = (
				D4937E2E257873270073971B /* Observable.swift */,
				D492F5EF257BEF81001FB222 /* Extensions */,
				D492F5EA257BC510001FB222 /* Colors.swift */,
			);
			path = Common;
			sourceTree = "<group>";
		};
		D4C75EF0257D8F630056F3DC /* PostScreen */ = {
			isa = PBXGroup;
			children = (
				D4C75EF2257D8F780056F3DC /* ViewModel */,
				D4C75EF1257D8F720056F3DC /* View */,
			);
			path = PostScreen;
			sourceTree = "<group>";
		};
		D4C75EF1257D8F720056F3DC /* View */ = {
			isa = PBXGroup;
			children = (
				D4C75EF5257D915E0056F3DC /* PostScreenVC.swift */,
				D4C75EF7257D91AF0056F3DC /* PostScreen+Layout.swift */,
			);
			path = View;
			sourceTree = "<group>";
		};
		D4C75EF2257D8F780056F3DC /* ViewModel */ = {
			isa = PBXGroup;
			children = (
				D4C75EF3257D8F990056F3DC /* PostScreenViewModel.swift */,
			);
			path = ViewModel;
			sourceTree = "<group>";
		};
		D4C75EFB257D94400056F3DC /* View */ = {
			isa = PBXGroup;
			children = (
				D4C75EFC257D948E0056F3DC /* SaveButton.swift */,
			);
			path = View;
			sourceTree = "<group>";
		};
/* End PBXGroup section */

/* Begin PBXNativeTarget section */
		D44FC0B6257A421B008AD62C /* PikabuAppTests */ = {
			isa = PBXNativeTarget;
			buildConfigurationList = D44FC0BE257A421B008AD62C /* Build configuration list for PBXNativeTarget "PikabuAppTests" */;
			buildPhases = (
				D44FC0B3257A421B008AD62C /* Sources */,
				D44FC0B4257A421B008AD62C /* Frameworks */,
				D44FC0B5257A421B008AD62C /* Resources */,
			);
			buildRules = (
			);
			dependencies = (
				D44FC0BD257A421B008AD62C /* PBXTargetDependency */,
			);
			name = PikabuAppTests;
			productName = PikabuAppTests;
			productReference = D44FC0B7257A421B008AD62C /* PikabuAppTests.xctest */;
			productType = "com.apple.product-type.bundle.unit-test";
		};
		D4937DF32577B6A30073971B /* PikabuApp */ = {
			isa = PBXNativeTarget;
			buildConfigurationList = D4937E082577B6A40073971B /* Build configuration list for PBXNativeTarget "PikabuApp" */;
			buildPhases = (
				64642E48B2B5E4F034A7FF62 /* [CP] Check Pods Manifest.lock */,
				D4937DF02577B6A30073971B /* Sources */,
				D4937DF12577B6A30073971B /* Frameworks */,
				D4937DF22577B6A30073971B /* Resources */,
				532859A34042136009E78BB2 /* [CP] Embed Pods Frameworks */,
			);
			buildRules = (
			);
			dependencies = (
			);
			name = PikabuApp;
			productName = PikabuApp;
			productReference = D4937DF42577B6A30073971B /* PikabuApp.app */;
			productType = "com.apple.product-type.application";
		};
/* End PBXNativeTarget section */

/* Begin PBXProject section */
		D4937DEC2577B6A30073971B /* Project object */ = {
			isa = PBXProject;
			attributes = {
				LastSwiftUpdateCheck = 1130;
				LastUpgradeCheck = 1130;
				ORGANIZATIONNAME = "Philip Dolenko";
				TargetAttributes = {
					D44FC0B6257A421B008AD62C = {
						CreatedOnToolsVersion = 11.3.1;
						TestTargetID = D4937DF32577B6A30073971B;
					};
					D4937DF32577B6A30073971B = {
						CreatedOnToolsVersion = 11.3.1;
					};
				};
			};
			buildConfigurationList = D4937DEF2577B6A30073971B /* Build configuration list for PBXProject "PikabuApp" */;
			compatibilityVersion = "Xcode 9.3";
			developmentRegion = en;
			hasScannedForEncodings = 0;
			knownRegions = (
				en,
				Base,
			);
			mainGroup = D4937DEB2577B6A30073971B;
			productRefGroup = D4937DF52577B6A30073971B /* Products */;
			projectDirPath = "";
			projectRoot = "";
			targets = (
				D4937DF32577B6A30073971B /* PikabuApp */,
				D44FC0B6257A421B008AD62C /* PikabuAppTests */,
			);
		};
/* End PBXProject section */

/* Begin PBXResourcesBuildPhase section */
		D44FC0B5257A421B008AD62C /* Resources */ = {
			isa = PBXResourcesBuildPhase;
			buildActionMask = 2147483647;
			files = (
			);
			runOnlyForDeploymentPostprocessing = 0;
		};
		D4937DF22577B6A30073971B /* Resources */ = {
			isa = PBXResourcesBuildPhase;
			buildActionMask = 2147483647;
			files = (
				D4937E042577B6A40073971B /* LaunchScreen.storyboard in Resources */,
				D4937E012577B6A40073971B /* Assets.xcassets in Resources */,
			);
			runOnlyForDeploymentPostprocessing = 0;
		};
/* End PBXResourcesBuildPhase section */

/* Begin PBXShellScriptBuildPhase section */
		532859A34042136009E78BB2 /* [CP] Embed Pods Frameworks */ = {
			isa = PBXShellScriptBuildPhase;
			buildActionMask = 2147483647;
			files = (
			);
			inputFileListPaths = (
				"${PODS_ROOT}/Target Support Files/Pods-PikabuApp/Pods-PikabuApp-frameworks-${CONFIGURATION}-input-files.xcfilelist",
			);
			name = "[CP] Embed Pods Frameworks";
			outputFileListPaths = (
				"${PODS_ROOT}/Target Support Files/Pods-PikabuApp/Pods-PikabuApp-frameworks-${CONFIGURATION}-output-files.xcfilelist",
			);
			runOnlyForDeploymentPostprocessing = 0;
			shellPath = /bin/sh;
			shellScript = "\"${PODS_ROOT}/Target Support Files/Pods-PikabuApp/Pods-PikabuApp-frameworks.sh\"\n";
			showEnvVarsInLog = 0;
		};
		64642E48B2B5E4F034A7FF62 /* [CP] Check Pods Manifest.lock */ = {
			isa = PBXShellScriptBuildPhase;
			buildActionMask = 2147483647;
			files = (
			);
			inputFileListPaths = (
			);
			inputPaths = (
				"${PODS_PODFILE_DIR_PATH}/Podfile.lock",
				"${PODS_ROOT}/Manifest.lock",
			);
			name = "[CP] Check Pods Manifest.lock";
			outputFileListPaths = (
			);
			outputPaths = (
				"$(DERIVED_FILE_DIR)/Pods-PikabuApp-checkManifestLockResult.txt",
			);
			runOnlyForDeploymentPostprocessing = 0;
			shellPath = /bin/sh;
			shellScript = "diff \"${PODS_PODFILE_DIR_PATH}/Podfile.lock\" \"${PODS_ROOT}/Manifest.lock\" > /dev/null\nif [ $? != 0 ] ; then\n    # print error to STDERR\n    echo \"error: The sandbox is not in sync with the Podfile.lock. Run 'pod install' or update your CocoaPods installation.\" >&2\n    exit 1\nfi\n# This output is used by Xcode 'outputs' to avoid re-running this script phase.\necho \"SUCCESS\" > \"${SCRIPT_OUTPUT_FILE_0}\"\n";
			showEnvVarsInLog = 0;
		};
/* End PBXShellScriptBuildPhase section */

/* Begin PBXSourcesBuildPhase section */
		D44FC0B3257A421B008AD62C /* Sources */ = {
			isa = PBXSourcesBuildPhase;
			buildActionMask = 2147483647;
			files = (
				D44FC0BA257A421B008AD62C /* PikabuAppTests.swift in Sources */,
			);
			runOnlyForDeploymentPostprocessing = 0;
		};
		D4937DF02577B6A30073971B /* Sources */ = {
			isa = PBXSourcesBuildPhase;
			buildActionMask = 2147483647;
			files = (
				D4937E2F257873270073971B /* Observable.swift in Sources */,
				D4937E3325787ABC0073971B /* FeedCell.swift in Sources */,
				D44FC0C7257A6DAE008AD62C /* PostCell.swift in Sources */,
				D4C75EF6257D915E0056F3DC /* PostScreenVC.swift in Sources */,
				D492F5EB257BC510001FB222 /* Colors.swift in Sources */,
				D4937E31257879020073971B /* LocalStorageService.swift in Sources */,
				D4937E1025780E750073971B /* FeedVC+Layout.swift in Sources */,
				D4C75EF4257D8F990056F3DC /* PostScreenViewModel.swift in Sources */,
				D4C75EFA257D93010056F3DC /* PostImageCell.swift in Sources */,
				D4937DFC2577B6A30073971B /* FeedVC.swift in Sources */,
				D4C75EF8257D91AF0056F3DC /* PostScreen+Layout.swift in Sources */,
				D4BAB50F2579843600BF48A7 /* NetworkingService.swift in Sources */,
				D492F5F1257BEF82001FB222 /* UIButton+Extension.swift in Sources */,
				D4937E12257815D90073971B /* TopBar.swift in Sources */,
				D4C75EFD257D948E0056F3DC /* SaveButton.swift in Sources */,
				D4937E26257865DA0073971B /* Post.swift in Sources */,
				D4937DF82577B6A30073971B /* AppDelegate.swift in Sources */,
				D4937E17257841280073971B /* BarCell.swift in Sources */,
				D4937E29257869150073971B /* FeedViewModel.swift in Sources */,
				D4B34679257D640300D796FC /* PostCell+Layout.swift in Sources */,
			);
			runOnlyForDeploymentPostprocessing = 0;
		};
/* End PBXSourcesBuildPhase section */

/* Begin PBXTargetDependency section */
		D44FC0BD257A421B008AD62C /* PBXTargetDependency */ = {
			isa = PBXTargetDependency;
			target = D4937DF32577B6A30073971B /* PikabuApp */;
			targetProxy = D44FC0BC257A421B008AD62C /* PBXContainerItemProxy */;
		};
/* End PBXTargetDependency section */

/* Begin PBXVariantGroup section */
		D4937E022577B6A40073971B /* LaunchScreen.storyboard */ = {
			isa = PBXVariantGroup;
			children = (
				D4937E032577B6A40073971B /* Base */,
			);
			name = LaunchScreen.storyboard;
			sourceTree = "<group>";
		};
/* End PBXVariantGroup section */

/* Begin XCBuildConfiguration section */
		D44FC0BF257A421B008AD62C /* Debug */ = {
			isa = XCBuildConfiguration;
			buildSettings = {
				BUNDLE_LOADER = "$(TEST_HOST)";
				CODE_SIGN_STYLE = Automatic;
				INFOPLIST_FILE = PikabuAppTests/Info.plist;
				LD_RUNPATH_SEARCH_PATHS = (
					"$(inherited)",
					"@executable_path/Frameworks",
					"@loader_path/Frameworks",
				);
				PRODUCT_BUNDLE_IDENTIFIER = com.philipdolenko.PikabuAppTests;
				PRODUCT_NAME = "$(TARGET_NAME)";
				SWIFT_VERSION = 5.0;
				TARGETED_DEVICE_FAMILY = "1,2";
				TEST_HOST = "$(BUILT_PRODUCTS_DIR)/PikabuApp.app/PikabuApp";
			};
			name = Debug;
		};
		D44FC0C0257A421B008AD62C /* Release */ = {
			isa = XCBuildConfiguration;
			buildSettings = {
				BUNDLE_LOADER = "$(TEST_HOST)";
				CODE_SIGN_STYLE = Automatic;
				INFOPLIST_FILE = PikabuAppTests/Info.plist;
				LD_RUNPATH_SEARCH_PATHS = (
					"$(inherited)",
					"@executable_path/Frameworks",
					"@loader_path/Frameworks",
				);
				PRODUCT_BUNDLE_IDENTIFIER = com.philipdolenko.PikabuAppTests;
				PRODUCT_NAME = "$(TARGET_NAME)";
				SWIFT_VERSION = 5.0;
				TARGETED_DEVICE_FAMILY = "1,2";
				TEST_HOST = "$(BUILT_PRODUCTS_DIR)/PikabuApp.app/PikabuApp";
			};
			name = Release;
		};
		D4937E062577B6A40073971B /* Debug */ = {
			isa = XCBuildConfiguration;
			buildSettings = {
				ALWAYS_SEARCH_USER_PATHS = NO;
				CLANG_ANALYZER_NONNULL = YES;
				CLANG_ANALYZER_NUMBER_OBJECT_CONVERSION = YES_AGGRESSIVE;
				CLANG_CXX_LANGUAGE_STANDARD = "gnu++14";
				CLANG_CXX_LIBRARY = "libc++";
				CLANG_ENABLE_MODULES = YES;
				CLANG_ENABLE_OBJC_ARC = YES;
				CLANG_ENABLE_OBJC_WEAK = YES;
				CLANG_WARN_BLOCK_CAPTURE_AUTORELEASING = YES;
				CLANG_WARN_BOOL_CONVERSION = YES;
				CLANG_WARN_COMMA = YES;
				CLANG_WARN_CONSTANT_CONVERSION = YES;
				CLANG_WARN_DEPRECATED_OBJC_IMPLEMENTATIONS = YES;
				CLANG_WARN_DIRECT_OBJC_ISA_USAGE = YES_ERROR;
				CLANG_WARN_DOCUMENTATION_COMMENTS = YES;
				CLANG_WARN_EMPTY_BODY = YES;
				CLANG_WARN_ENUM_CONVERSION = YES;
				CLANG_WARN_INFINITE_RECURSION = YES;
				CLANG_WARN_INT_CONVERSION = YES;
				CLANG_WARN_NON_LITERAL_NULL_CONVERSION = YES;
				CLANG_WARN_OBJC_IMPLICIT_RETAIN_SELF = YES;
				CLANG_WARN_OBJC_LITERAL_CONVERSION = YES;
				CLANG_WARN_OBJC_ROOT_CLASS = YES_ERROR;
				CLANG_WARN_RANGE_LOOP_ANALYSIS = YES;
				CLANG_WARN_STRICT_PROTOTYPES = YES;
				CLANG_WARN_SUSPICIOUS_MOVE = YES;
				CLANG_WARN_UNGUARDED_AVAILABILITY = YES_AGGRESSIVE;
				CLANG_WARN_UNREACHABLE_CODE = YES;
				CLANG_WARN__DUPLICATE_METHOD_MATCH = YES;
				COPY_PHASE_STRIP = NO;
				DEBUG_INFORMATION_FORMAT = dwarf;
				ENABLE_STRICT_OBJC_MSGSEND = YES;
				ENABLE_TESTABILITY = YES;
				GCC_C_LANGUAGE_STANDARD = gnu11;
				GCC_DYNAMIC_NO_PIC = NO;
				GCC_NO_COMMON_BLOCKS = YES;
				GCC_OPTIMIZATION_LEVEL = 0;
				GCC_PREPROCESSOR_DEFINITIONS = (
					"DEBUG=1",
					"$(inherited)",
				);
				GCC_WARN_64_TO_32_BIT_CONVERSION = YES;
				GCC_WARN_ABOUT_RETURN_TYPE = YES_ERROR;
				GCC_WARN_UNDECLARED_SELECTOR = YES;
				GCC_WARN_UNINITIALIZED_AUTOS = YES_AGGRESSIVE;
				GCC_WARN_UNUSED_FUNCTION = YES;
				GCC_WARN_UNUSED_VARIABLE = YES;
				IPHONEOS_DEPLOYMENT_TARGET = 11.0;
				MTL_ENABLE_DEBUG_INFO = INCLUDE_SOURCE;
				MTL_FAST_MATH = YES;
				ONLY_ACTIVE_ARCH = YES;
				SDKROOT = iphoneos;
				SWIFT_ACTIVE_COMPILATION_CONDITIONS = DEBUG;
				SWIFT_OPTIMIZATION_LEVEL = "-Onone";
			};
			name = Debug;
		};
		D4937E072577B6A40073971B /* Release */ = {
			isa = XCBuildConfiguration;
			buildSettings = {
				ALWAYS_SEARCH_USER_PATHS = NO;
				CLANG_ANALYZER_NONNULL = YES;
				CLANG_ANALYZER_NUMBER_OBJECT_CONVERSION = YES_AGGRESSIVE;
				CLANG_CXX_LANGUAGE_STANDARD = "gnu++14";
				CLANG_CXX_LIBRARY = "libc++";
				CLANG_ENABLE_MODULES = YES;
				CLANG_ENABLE_OBJC_ARC = YES;
				CLANG_ENABLE_OBJC_WEAK = YES;
				CLANG_WARN_BLOCK_CAPTURE_AUTORELEASING = YES;
				CLANG_WARN_BOOL_CONVERSION = YES;
				CLANG_WARN_COMMA = YES;
				CLANG_WARN_CONSTANT_CONVERSION = YES;
				CLANG_WARN_DEPRECATED_OBJC_IMPLEMENTATIONS = YES;
				CLANG_WARN_DIRECT_OBJC_ISA_USAGE = YES_ERROR;
				CLANG_WARN_DOCUMENTATION_COMMENTS = YES;
				CLANG_WARN_EMPTY_BODY = YES;
				CLANG_WARN_ENUM_CONVERSION = YES;
				CLANG_WARN_INFINITE_RECURSION = YES;
				CLANG_WARN_INT_CONVERSION = YES;
				CLANG_WARN_NON_LITERAL_NULL_CONVERSION = YES;
				CLANG_WARN_OBJC_IMPLICIT_RETAIN_SELF = YES;
				CLANG_WARN_OBJC_LITERAL_CONVERSION = YES;
				CLANG_WARN_OBJC_ROOT_CLASS = YES_ERROR;
				CLANG_WARN_RANGE_LOOP_ANALYSIS = YES;
				CLANG_WARN_STRICT_PROTOTYPES = YES;
				CLANG_WARN_SUSPICIOUS_MOVE = YES;
				CLANG_WARN_UNGUARDED_AVAILABILITY = YES_AGGRESSIVE;
				CLANG_WARN_UNREACHABLE_CODE = YES;
				CLANG_WARN__DUPLICATE_METHOD_MATCH = YES;
				COPY_PHASE_STRIP = NO;
				DEBUG_INFORMATION_FORMAT = "dwarf-with-dsym";
				ENABLE_NS_ASSERTIONS = NO;
				ENABLE_STRICT_OBJC_MSGSEND = YES;
				GCC_C_LANGUAGE_STANDARD = gnu11;
				GCC_NO_COMMON_BLOCKS = YES;
				GCC_WARN_64_TO_32_BIT_CONVERSION = YES;
				GCC_WARN_ABOUT_RETURN_TYPE = YES_ERROR;
				GCC_WARN_UNDECLARED_SELECTOR = YES;
				GCC_WARN_UNINITIALIZED_AUTOS = YES_AGGRESSIVE;
				GCC_WARN_UNUSED_FUNCTION = YES;
				GCC_WARN_UNUSED_VARIABLE = YES;
				IPHONEOS_DEPLOYMENT_TARGET = 11.0;
				MTL_ENABLE_DEBUG_INFO = NO;
				MTL_FAST_MATH = YES;
				SDKROOT = iphoneos;
				SWIFT_COMPILATION_MODE = wholemodule;
				SWIFT_OPTIMIZATION_LEVEL = "-O";
				VALIDATE_PRODUCT = YES;
			};
			name = Release;
		};
		D4937E092577B6A40073971B /* Debug */ = {
			isa = XCBuildConfiguration;
			baseConfigurationReference = E5EC0E72B5B57639528B7497 /* Pods-PikabuApp.debug.xcconfig */;
			buildSettings = {
				ASSETCATALOG_COMPILER_APPICON_NAME = AppIcon;
				CODE_SIGN_STYLE = Automatic;
				DEVELOPMENT_TEAM = X2T742956T;
				INFOPLIST_FILE = PikabuApp/Resources/Info.plist;
				IPHONEOS_DEPLOYMENT_TARGET = 11.0;
				LD_RUNPATH_SEARCH_PATHS = (
					"$(inherited)",
					"@executable_path/Frameworks",
				);
				PRODUCT_BUNDLE_IDENTIFIER = com.philipdolenko.PikabuApp;
				PRODUCT_NAME = "$(TARGET_NAME)";
				SWIFT_VERSION = 5.0;
				TARGETED_DEVICE_FAMILY = "1,2";
			};
			name = Debug;
		};
		D4937E0A2577B6A40073971B /* Release */ = {
			isa = XCBuildConfiguration;
			baseConfigurationReference = 8E6B1673D954E49B5D57C513 /* Pods-PikabuApp.release.xcconfig */;
			buildSettings = {
				ASSETCATALOG_COMPILER_APPICON_NAME = AppIcon;
				CODE_SIGN_STYLE = Automatic;
				DEVELOPMENT_TEAM = X2T742956T;
				INFOPLIST_FILE = PikabuApp/Resources/Info.plist;
				IPHONEOS_DEPLOYMENT_TARGET = 11.0;
				LD_RUNPATH_SEARCH_PATHS = (
					"$(inherited)",
					"@executable_path/Frameworks",
				);
				PRODUCT_BUNDLE_IDENTIFIER = com.philipdolenko.PikabuApp;
				PRODUCT_NAME = "$(TARGET_NAME)";
				SWIFT_VERSION = 5.0;
				TARGETED_DEVICE_FAMILY = "1,2";
			};
			name = Release;
		};
/* End XCBuildConfiguration section */

/* Begin XCConfigurationList section */
		D44FC0BE257A421B008AD62C /* Build configuration list for PBXNativeTarget "PikabuAppTests" */ = {
			isa = XCConfigurationList;
			buildConfigurations = (
				D44FC0BF257A421B008AD62C /* Debug */,
				D44FC0C0257A421B008AD62C /* Release */,
			);
			defaultConfigurationIsVisible = 0;
			defaultConfigurationName = Release;
		};
		D4937DEF2577B6A30073971B /* Build configuration list for PBXProject "PikabuApp" */ = {
			isa = XCConfigurationList;
			buildConfigurations = (
				D4937E062577B6A40073971B /* Debug */,
				D4937E072577B6A40073971B /* Release */,
			);
			defaultConfigurationIsVisible = 0;
			defaultConfigurationName = Release;
		};
		D4937E082577B6A40073971B /* Build configuration list for PBXNativeTarget "PikabuApp" */ = {
			isa = XCConfigurationList;
			buildConfigurations = (
				D4937E092577B6A40073971B /* Debug */,
				D4937E0A2577B6A40073971B /* Release */,
			);
			defaultConfigurationIsVisible = 0;
			defaultConfigurationName = Release;
		};
/* End XCConfigurationList section */
	};
	rootObject = D4937DEC2577B6A30073971B /* Project object */;
}
